
Microsoft Visual Studio Solution File, Format Version 12.00
# Visual Studio Version 16
VisualStudioVersion = 16.0.28621.142
MinimumVisualStudioVersion = 10.0.40219.1
Project("{FAE04EC0-301F-11D3-BF4B-00C04F79EFBC}") = "StudentManagementSystem", "StudentManagementSystem\StudentManagementSystem.csproj", "{4E6601DB-2CBF-4736-83DD-A77CE16A8E39}"
EndProject
Project("{2150E333-8FDC-42A3-9474-1A3956D46DE8}") = "Solution Items", "Solution Items", "{7BF3AA88-7BC6-48DC-B51B-B801610C180B}"
EndProject
Global
	GlobalSection(SolutionConfigurationPlatforms) = preSolution
		Debug|Any CPU = Debug|Any CPU
		Release|Any CPU = Release|Any CPU
	EndGlobalSection
	GlobalSection(ProjectConfigurationPlatforms) = postSolution
		{4E6601DB-2CBF-4736-83DD-A77CE16A8E39}.Debug|Any CPU.ActiveCfg = Debug|Any CPU
		{4E6601DB-2CBF-4736-83DD-A77CE16A8E39}.Debug|Any CPU.Build.0 = Debug|Any CPU
		{4E6601DB-2CBF-4736-83DD-A77CE16A8E39}.Release|Any CPU.ActiveCfg = Release|Any CPU
		{4E6601DB-2CBF-4736-83DD-A77CE16A8E39}.Release|Any CPU.Build.0 = Release|Any CPU
	EndGlobalSection
	GlobalSection(SolutionProperties) = preSolution
		HideSolutionNode = FALSE
	EndGlobalSection
	GlobalSection(ExtensibilityGlobals) = postSolution
		SolutionGuid = {83D1DF03-8E49-43A2-93B5-5E0BCDDD7E65}
	EndGlobalSection
EndGlobal
